
Microsoft Visual Studio Solution File, Format Version 12.00
# Visual Studio 2012
Project("{FAE04EC0-301F-11D3-BF4B-00C04F79EFBC}") = "INOVAR.DadosPessoais.Aplicacao", "INOVAR.DadosPessoais.Aplicacao\INOVAR.DadosPessoais.Aplicacao.csproj", "{6EB93965-4E10-42E1-B55F-C148B766774E}"
	ProjectSection(ProjectDependencies) = postProject
		{9B904A7C-DAFC-491F-A0FB-25B3CAD36DC9} = {9B904A7C-DAFC-491F-A0FB-25B3CAD36DC9}
	EndProjectSection
EndProject
Project("{FAE04EC0-301F-11D3-BF4B-00C04F79EFBC}") = "INOVAR.DadosPessoais.Dominio", "INOVAR.DadosPessoais.Dominio\INOVAR.DadosPessoais.Dominio.csproj", "{3DBE3CBC-56A3-442E-B629-C378CAA68AEF}"
EndProject
Project("{FAE04EC0-301F-11D3-BF4B-00C04F79EFBC}") = "INOVAR.DadosPessoais.Negocio", "INOVAR.DadosPessoais.Negocio\INOVAR.DadosPessoais.Negocio.csproj", "{C8B86C95-4B30-42B4-9752-ACF38F9E4BA5}"
	ProjectSection(ProjectDependencies) = postProject
		{9B904A7C-DAFC-491F-A0FB-25B3CAD36DC9} = {9B904A7C-DAFC-491F-A0FB-25B3CAD36DC9}
	EndProjectSection
EndProject
Project("{2150E333-8FDC-42A3-9474-1A3956D46DE8}") = "XYZ", "XYZ", "{7DD325EF-D4FC-44CB-98AE-9DB16CD74C39}"
EndProject
Project("{FAE04EC0-301F-11D3-BF4B-00C04F79EFBC}") = "XYZ.DadosPessoais.WCF", "..\XYZ.DadosPessoais.WCF\XYZ.DadosPessoais.WCF\XYZ.DadosPessoais.WCF.csproj", "{9B904A7C-DAFC-491F-A0FB-25B3CAD36DC9}"
EndProject
Project("{FAE04EC0-301F-11D3-BF4B-00C04F79EFBC}") = "XYZ.DadosPessoais.Dominio", "..\XYZ.DadosPessoais.WCF\XYZ.DadosPessoais.Dominio\XYZ.DadosPessoais.Dominio.csproj", "{4C813421-14ED-4EED-8A3C-DFE6BB1D9AEC}"
EndProject
Project("{FAE04EC0-301F-11D3-BF4B-00C04F79EFBC}") = "XYZ.DadosPessoais.Negocio", "..\XYZ.DadosPessoais.WCF\XYZ.DadosPessoais.Negocio\XYZ.DadosPessoais.Negocio.csproj", "{9600FCCB-5F0C-4F77-BFA6-313A0138E076}"
EndProject
Global
	GlobalSection(SolutionConfigurationPlatforms) = preSolution
		Debug|Any CPU = Debug|Any CPU
		Release|Any CPU = Release|Any CPU
	EndGlobalSection
	GlobalSection(ProjectConfigurationPlatforms) = postSolution
		{6EB93965-4E10-42E1-B55F-C148B766774E}.Debug|Any CPU.ActiveCfg = Debug|Any CPU
		{6EB93965-4E10-42E1-B55F-C148B766774E}.Debug|Any CPU.Build.0 = Debug|Any CPU
		{6EB93965-4E10-42E1-B55F-C148B766774E}.Release|Any CPU.ActiveCfg = Release|Any CPU
		{6EB93965-4E10-42E1-B55F-C148B766774E}.Release|Any CPU.Build.0 = Release|Any CPU
		{3DBE3CBC-56A3-442E-B629-C378CAA68AEF}.Debug|Any CPU.ActiveCfg = Debug|Any CPU
		{3DBE3CBC-56A3-442E-B629-C378CAA68AEF}.Debug|Any CPU.Build.0 = Debug|Any CPU
		{3DBE3CBC-56A3-442E-B629-C378CAA68AEF}.Release|Any CPU.ActiveCfg = Release|Any CPU
		{3DBE3CBC-56A3-442E-B629-C378CAA68AEF}.Release|Any CPU.Build.0 = Release|Any CPU
		{C8B86C95-4B30-42B4-9752-ACF38F9E4BA5}.Debug|Any CPU.ActiveCfg = Debug|Any CPU
		{C8B86C95-4B30-42B4-9752-ACF38F9E4BA5}.Debug|Any CPU.Build.0 = Debug|Any CPU
		{C8B86C95-4B30-42B4-9752-ACF38F9E4BA5}.Release|Any CPU.ActiveCfg = Release|Any CPU
		{C8B86C95-4B30-42B4-9752-ACF38F9E4BA5}.Release|Any CPU.Build.0 = Release|Any CPU
		{9B904A7C-DAFC-491F-A0FB-25B3CAD36DC9}.Debug|Any CPU.ActiveCfg = Debug|Any CPU
		{9B904A7C-DAFC-491F-A0FB-25B3CAD36DC9}.Debug|Any CPU.Build.0 = Debug|Any CPU
		{9B904A7C-DAFC-491F-A0FB-25B3CAD36DC9}.Release|Any CPU.ActiveCfg = Release|Any CPU
		{9B904A7C-DAFC-491F-A0FB-25B3CAD36DC9}.Release|Any CPU.Build.0 = Release|Any CPU
		{4C813421-14ED-4EED-8A3C-DFE6BB1D9AEC}.Debug|Any CPU.ActiveCfg = Debug|Any CPU
		{4C813421-14ED-4EED-8A3C-DFE6BB1D9AEC}.Debug|Any CPU.Build.0 = Debug|Any CPU
		{4C813421-14ED-4EED-8A3C-DFE6BB1D9AEC}.Release|Any CPU.ActiveCfg = Release|Any CPU
		{4C813421-14ED-4EED-8A3C-DFE6BB1D9AEC}.Release|Any CPU.Build.0 = Release|Any CPU
		{9600FCCB-5F0C-4F77-BFA6-313A0138E076}.Debug|Any CPU.ActiveCfg = Debug|Any CPU
		{9600FCCB-5F0C-4F77-BFA6-313A0138E076}.Debug|Any CPU.Build.0 = Debug|Any CPU
		{9600FCCB-5F0C-4F77-BFA6-313A0138E076}.Release|Any CPU.ActiveCfg = Release|Any CPU
		{9600FCCB-5F0C-4F77-BFA6-313A0138E076}.Release|Any CPU.Build.0 = Release|Any CPU
	EndGlobalSection
	GlobalSection(SolutionProperties) = preSolution
		HideSolutionNode = FALSE
	EndGlobalSection
	GlobalSection(NestedProjects) = preSolution
		{9B904A7C-DAFC-491F-A0FB-25B3CAD36DC9} = {7DD325EF-D4FC-44CB-98AE-9DB16CD74C39}
		{4C813421-14ED-4EED-8A3C-DFE6BB1D9AEC} = {7DD325EF-D4FC-44CB-98AE-9DB16CD74C39}
		{9600FCCB-5F0C-4F77-BFA6-313A0138E076} = {7DD325EF-D4FC-44CB-98AE-9DB16CD74C39}
	EndGlobalSection
EndGlobal
